
Microsoft Visual Studio Solution File, Format Version 12.00
# Visual Studio Version 16
VisualStudioVersion = 16.0.30914.41
MinimumVisualStudioVersion = 10.0.40219.1
Project("{FAE04EC0-301F-11D3-BF4B-00C04F79EFBC}") = "ConsoleApp2", "ConsoleApp2\ConsoleApp2.csproj", "{042AEDA6-ECBF-47C5-AFD3-621CDBAEAA2B}"
EndProject
Project("{FAE04EC0-301F-11D3-BF4B-00C04F79EFBC}") = "ClassLibrary1", "ClassLibrary1\ClassLibrary1.csproj", "{368A7560-D5B6-4F4F-B323-3EA010551529}"
EndProject
Project("{FAE04EC0-301F-11D3-BF4B-00C04F79EFBC}") = "ClassLibrary2", "ClassLibrary2\ClassLibrary2.csproj", "{95815D0C-A413-4F33-B966-009E40A8F874}"
EndProject
Global
	GlobalSection(SolutionConfigurationPlatforms) = preSolution
		Debug|Any CPU = Debug|Any CPU
		Release|Any CPU = Release|Any CPU
	EndGlobalSection
	GlobalSection(ProjectConfigurationPlatforms) = postSolution
		{042AEDA6-ECBF-47C5-AFD3-621CDBAEAA2B}.Debug|Any CPU.ActiveCfg = Debug|Any CPU
		{042AEDA6-ECBF-47C5-AFD3-621CDBAEAA2B}.Debug|Any CPU.Build.0 = Debug|Any CPU
		{042AEDA6-ECBF-47C5-AFD3-621CDBAEAA2B}.Release|Any CPU.ActiveCfg = Release|Any CPU
		{042AEDA6-ECBF-47C5-AFD3-621CDBAEAA2B}.Release|Any CPU.Build.0 = Release|Any CPU
		{368A7560-D5B6-4F4F-B323-3EA010551529}.Debug|Any CPU.ActiveCfg = Debug|Any CPU
		{368A7560-D5B6-4F4F-B323-3EA010551529}.Debug|Any CPU.Build.0 = Debug|Any CPU
		{368A7560-D5B6-4F4F-B323-3EA010551529}.Release|Any CPU.ActiveCfg = Release|Any CPU
		{368A7560-D5B6-4F4F-B323-3EA010551529}.Release|Any CPU.Build.0 = Release|Any CPU
		{95815D0C-A413-4F33-B966-009E40A8F874}.Debug|Any CPU.ActiveCfg = Debug|Any CPU
		{95815D0C-A413-4F33-B966-009E40A8F874}.Debug|Any CPU.Build.0 = Debug|Any CPU
		{95815D0C-A413-4F33-B966-009E40A8F874}.Release|Any CPU.ActiveCfg = Release|Any CPU
		{95815D0C-A413-4F33-B966-009E40A8F874}.Release|Any CPU.Build.0 = Release|Any CPU
	EndGlobalSection
	GlobalSection(SolutionProperties) = preSolution
		HideSolutionNode = FALSE
	EndGlobalSection
	GlobalSection(ExtensibilityGlobals) = postSolution
		SolutionGuid = {549318ED-231E-4045-A739-C83BB52D9D02}
	EndGlobalSection
EndGlobal
